
Microsoft Visual Studio Solution File, Format Version 12.00
# Visual Studio 15
VisualStudioVersion = 15.0.28307.421
MinimumVisualStudioVersion = 10.0.40219.1
Project("{FAE04EC0-301F-11D3-BF4B-00C04F79EFBC}") = "AdatumWebsite", "AdatumWebsite\AdatumWebsite.csproj", "{76A5438A-FD14-4A32-9DFD-11F9D47CBCE2}"
EndProject
Global
	GlobalSection(SolutionConfigurationPlatforms) = preSolution
		Debug|Any CPU = Debug|Any CPU
		Release|Any CPU = Release|Any CPU
	EndGlobalSection
	GlobalSection(ProjectConfigurationPlatforms) = postSolution
		{76A5438A-FD14-4A32-9DFD-11F9D47CBCE2}.Debug|Any CPU.ActiveCfg = Debug|Any CPU
		{76A5438A-FD14-4A32-9DFD-11F9D47CBCE2}.Debug|Any CPU.Build.0 = Debug|Any CPU
		{76A5438A-FD14-4A32-9DFD-11F9D47CBCE2}.Release|Any CPU.ActiveCfg = Release|Any CPU
		{76A5438A-FD14-4A32-9DFD-11F9D47CBCE2}.Release|Any CPU.Build.0 = Release|Any CPU
	EndGlobalSection
	GlobalSection(SolutionProperties) = preSolution
		HideSolutionNode = FALSE
	EndGlobalSection
	GlobalSection(ExtensibilityGlobals) = postSolution
		SolutionGuid = {6419F8C8-2834-47CE-BE00-91FF080605DB}
	EndGlobalSection
EndGlobal
